# This file is automatically @generated by Cargo.
# It is not intended for manual editing.
version = 4

[[package]]
name = "osm-agent"
version = "0.1.0"

[[package]]
name = "osm-crypto"
version = "0.1.0"

[[package]]
name = "osm-protocol"
version = "0.1.0"

[[package]]
name = "osm-server"
version = "0.1.0"
